
Microsoft Visual Studio Solution File, Format Version 12.00
Project("{FAE04EC0-301F-11D3-BF4B-00C04F79EFBC}") = "DataAccess", "DataAccess\DataAccess.csproj", "{0EE29128-D53E-4C67-8F9D-E644D4E4A1F4}"
EndProject
Project("{FAE04EC0-301F-11D3-BF4B-00C04F79EFBC}") = "Domain", "Domain\Domain.csproj", "{D9CC773D-74FA-4E5D-8BEB-D526962D9311}"
EndProject
Project("{2150E333-8FDC-42A3-9474-1A3956D46DE8}") = "Applications", "Applications", "{C2EC2E4E-F431-46A4-AA17-48B4F3126A78}"
EndProject
Project("{FAE04EC0-301F-11D3-BF4B-00C04F79EFBC}") = "FakingData", "FakingData\FakingData.csproj", "{D35D9E05-5C2F-41D8-AFD0-FE4376753E06}"
EndProject
Project("{FAE04EC0-301F-11D3-BF4B-00C04F79EFBC}") = "Application", "Application\Application.csproj", "{BD8C8B5E-764E-4596-ABC6-43A3076A09A0}"
EndProject
Project("{FAE04EC0-301F-11D3-BF4B-00C04F79EFBC}") = "Repository", "Repository\Repository.csproj", "{8D7D27BA-8EA9-422A-97C2-43B9978654AF}"
EndProject
Project("{FAE04EC0-301F-11D3-BF4B-00C04F79EFBC}") = "API", "API\API.csproj", "{9F6AD654-F4A6-4665-9D8F-2EC872224595}"
EndProject
Project("{FAE04EC0-301F-11D3-BF4B-00C04F79EFBC}") = "WebApp", "WebApp\WebApp.csproj", "{69A28AD3-77BF-418D-82EC-5ED306858D2E}"
EndProject
Global
	GlobalSection(SolutionConfigurationPlatforms) = preSolution
		Debug|Any CPU = Debug|Any CPU
		Release|Any CPU = Release|Any CPU
	EndGlobalSection
	GlobalSection(ProjectConfigurationPlatforms) = postSolution
		{0EE29128-D53E-4C67-8F9D-E644D4E4A1F4}.Debug|Any CPU.ActiveCfg = Debug|Any CPU
		{0EE29128-D53E-4C67-8F9D-E644D4E4A1F4}.Debug|Any CPU.Build.0 = Debug|Any CPU
		{0EE29128-D53E-4C67-8F9D-E644D4E4A1F4}.Release|Any CPU.ActiveCfg = Release|Any CPU
		{0EE29128-D53E-4C67-8F9D-E644D4E4A1F4}.Release|Any CPU.Build.0 = Release|Any CPU
		{D9CC773D-74FA-4E5D-8BEB-D526962D9311}.Debug|Any CPU.ActiveCfg = Debug|Any CPU
		{D9CC773D-74FA-4E5D-8BEB-D526962D9311}.Debug|Any CPU.Build.0 = Debug|Any CPU
		{D9CC773D-74FA-4E5D-8BEB-D526962D9311}.Release|Any CPU.ActiveCfg = Release|Any CPU
		{D9CC773D-74FA-4E5D-8BEB-D526962D9311}.Release|Any CPU.Build.0 = Release|Any CPU
		{D35D9E05-5C2F-41D8-AFD0-FE4376753E06}.Debug|Any CPU.ActiveCfg = Debug|Any CPU
		{D35D9E05-5C2F-41D8-AFD0-FE4376753E06}.Debug|Any CPU.Build.0 = Debug|Any CPU
		{D35D9E05-5C2F-41D8-AFD0-FE4376753E06}.Release|Any CPU.ActiveCfg = Release|Any CPU
		{D35D9E05-5C2F-41D8-AFD0-FE4376753E06}.Release|Any CPU.Build.0 = Release|Any CPU
		{BD8C8B5E-764E-4596-ABC6-43A3076A09A0}.Debug|Any CPU.ActiveCfg = Debug|Any CPU
		{BD8C8B5E-764E-4596-ABC6-43A3076A09A0}.Debug|Any CPU.Build.0 = Debug|Any CPU
		{BD8C8B5E-764E-4596-ABC6-43A3076A09A0}.Release|Any CPU.ActiveCfg = Release|Any CPU
		{BD8C8B5E-764E-4596-ABC6-43A3076A09A0}.Release|Any CPU.Build.0 = Release|Any CPU
		{8D7D27BA-8EA9-422A-97C2-43B9978654AF}.Debug|Any CPU.ActiveCfg = Debug|Any CPU
		{8D7D27BA-8EA9-422A-97C2-43B9978654AF}.Debug|Any CPU.Build.0 = Debug|Any CPU
		{8D7D27BA-8EA9-422A-97C2-43B9978654AF}.Release|Any CPU.ActiveCfg = Release|Any CPU
		{8D7D27BA-8EA9-422A-97C2-43B9978654AF}.Release|Any CPU.Build.0 = Release|Any CPU
		{9F6AD654-F4A6-4665-9D8F-2EC872224595}.Debug|Any CPU.ActiveCfg = Debug|Any CPU
		{9F6AD654-F4A6-4665-9D8F-2EC872224595}.Debug|Any CPU.Build.0 = Debug|Any CPU
		{9F6AD654-F4A6-4665-9D8F-2EC872224595}.Release|Any CPU.ActiveCfg = Release|Any CPU
		{9F6AD654-F4A6-4665-9D8F-2EC872224595}.Release|Any CPU.Build.0 = Release|Any CPU
		{69A28AD3-77BF-418D-82EC-5ED306858D2E}.Debug|Any CPU.ActiveCfg = Debug|Any CPU
		{69A28AD3-77BF-418D-82EC-5ED306858D2E}.Debug|Any CPU.Build.0 = Debug|Any CPU
		{69A28AD3-77BF-418D-82EC-5ED306858D2E}.Release|Any CPU.ActiveCfg = Release|Any CPU
		{69A28AD3-77BF-418D-82EC-5ED306858D2E}.Release|Any CPU.Build.0 = Release|Any CPU
	EndGlobalSection
	GlobalSection(NestedProjects) = preSolution
		{D35D9E05-5C2F-41D8-AFD0-FE4376753E06} = {C2EC2E4E-F431-46A4-AA17-48B4F3126A78}
		{9F6AD654-F4A6-4665-9D8F-2EC872224595} = {C2EC2E4E-F431-46A4-AA17-48B4F3126A78}
		{69A28AD3-77BF-418D-82EC-5ED306858D2E} = {C2EC2E4E-F431-46A4-AA17-48B4F3126A78}
	EndGlobalSection
EndGlobal
